// !$*UTF8*$!
{
	archiveVersion = 1;
	classes = {
	};
	objectVersion = 60;
	objects = {

/* Begin PBXBuildFile section */
		2C0A5A952C1AF77700B6680C /* AnimatedPath.swift in Sources */ = {isa = PBXBuildFile; fileRef = 2C0A5A942C1AF77000B6680C /* AnimatedPath.swift */; };
		2C0A5A992C1B604400B6680C /* MeshGradientView.swift in Sources */ = {isa = PBXBuildFile; fileRef = 2C0A5A982C1B604400B6680C /* MeshGradientView.swift */; };
		2C0A5A9D2C1B640B00B6680C /* RippleEffect.metal in Sources */ = {isa = PBXBuildFile; fileRef = 2C0A5A9C2C1B640B00B6680C /* RippleEffect.metal */; };
		2C0A5A9F2C1B645D00B6680C /* RippleEffectModifier.swift in Sources */ = {isa = PBXBuildFile; fileRef = 2C0A5A9E2C1B645400B6680C /* RippleEffectModifier.swift */; };
		2C0A5AA42C1B675C00B6680C /* PhoneBackground.swift in Sources */ = {isa = PBXBuildFile; fileRef = 2C0A5AA32C1B675500B6680C /* PhoneBackground.swift */; };
		2CA92B5C2C1AE48E00EE3AFE /* SiriAnimationPrototypeApp.swift in Sources */ = {isa = PBXBuildFile; fileRef = 2CA92B5B2C1AE48E00EE3AFE /* SiriAnimationPrototypeApp.swift */; };
		2CA92B5E2C1AE48E00EE3AFE /* ContentView.swift in Sources */ = {isa = PBXBuildFile; fileRef = 2CA92B5D2C1AE48E00EE3AFE /* ContentView.swift */; };
		2CA92B602C1AE48E00EE3AFE /* Assets.xcassets in Resources */ = {isa = PBXBuildFile; fileRef = 2CA92B5F2C1AE48E00EE3AFE /* Assets.xcassets */; };
		2CA92B632C1AE48E00EE3AFE /* Preview Assets.xcassets in Resources */ = {isa = PBXBuildFile; fileRef = 2CA92B622C1AE48E00EE3AFE /* Preview Assets.xcassets */; };
/* End PBXBuildFile section */

/* Begin PBXFileReference section */
		2C0A5A942C1AF77000B6680C /* AnimatedPath.swift */ = {isa = PBXFileReference; lastKnownFileType = sourcecode.swift; path = AnimatedPath.swift; sourceTree = "<group>"; };
		2C0A5A982C1B604400B6680C /* MeshGradientView.swift */ = {isa = PBXFileReference; lastKnownFileType = sourcecode.swift; path = MeshGradientView.swift; sourceTree = "<group>"; };
		2C0A5A9C2C1B640B00B6680C /* RippleEffect.metal */ = {isa = PBXFileReference; lastKnownFileType = sourcecode.metal; path = RippleEffect.metal; sourceTree = "<group>"; };
		2C0A5A9E2C1B645400B6680C /* RippleEffectModifier.swift */ = {isa = PBXFileReference; lastKnownFileType = sourcecode.swift; path = RippleEffectModifier.swift; sourceTree = "<group>"; };
		2C0A5AA32C1B675500B6680C /* PhoneBackground.swift */ = {isa = PBXFileReference; lastKnownFileType = sourcecode.swift; path = PhoneBackground.swift; sourceTree = "<group>"; };
		2CA92B582C1AE48E00EE3AFE /* SiriAnimationPrototype.app */ = {isa = PBXFileReference; explicitFileType = wrapper.application; includeInIndex = 0; path = SiriAnimationPrototype.app; sourceTree = BUILT_PRODUCTS_DIR; };
		2CA92B5B2C1AE48E00EE3AFE /* SiriAnimationPrototypeApp.swift */ = {isa = PBXFileReference; lastKnownFileType = sourcecode.swift; path = SiriAnimationPrototypeApp.swift; sourceTree = "<group>"; };
		2CA92B5D2C1AE48E00EE3AFE /* ContentView.swift */ = {isa = PBXFileReference; lastKnownFileType = sourcecode.swift; path = ContentView.swift; sourceTree = "<group>"; };
		2CA92B5F2C1AE48E00EE3AFE /* Assets.xcassets */ = {isa = PBXFileReference; lastKnownFileType = folder.assetcatalog; path = Assets.xcassets; sourceTree = "<group>"; };
		2CA92B622C1AE48E00EE3AFE /* Preview Assets.xcassets */ = {isa = PBXFileReference; lastKnownFileType = folder.assetcatalog; path = "Preview Assets.xcassets"; sourceTree = "<group>"; };
/* End PBXFileReference section */

/* Begin PBXFrameworksBuildPhase section */
		2CA92B552C1AE48E00EE3AFE /* Frameworks */ = {
			isa = PBXFrameworksBuildPhase;
			buildActionMask = 2147483647;
			files = (
			);
			runOnlyForDeploymentPostprocessing = 0;
		};
/* End PBXFrameworksBuildPhase section */

/* Begin PBXGroup section */
		2C0A5AA02C1B646A00B6680C /* Ripples */ = {
			isa = PBXGroup;
			children = (
				2C0A5A9E2C1B645400B6680C /* RippleEffectModifier.swift */,
				2C0A5A9C2C1B640B00B6680C /* RippleEffect.metal */,
			);
			path = Ripples;
			sourceTree = "<group>";
		};
		2C0A5AA12C1B647700B6680C /* SiriGradients */ = {
			isa = PBXGroup;
			children = (
				2C0A5A982C1B604400B6680C /* MeshGradientView.swift */,
				2C0A5A942C1AF77000B6680C /* AnimatedPath.swift */,
			);
			path = SiriGradients;
			sourceTree = "<group>";
		};
		2C0A5AA22C1B674600B6680C /* PhoneBackground */ = {
			isa = PBXGroup;
			children = (
				2C0A5AA32C1B675500B6680C /* PhoneBackground.swift */,
			);
			path = PhoneBackground;
			sourceTree = "<group>";
		};
		2CA92B4F2C1AE48E00EE3AFE = {
			isa = PBXGroup;
			children = (
				2CA92B5A2C1AE48E00EE3AFE /* SiriAnimationPrototype */,
				2CA92B592C1AE48E00EE3AFE /* Products */,
			);
			sourceTree = "<group>";
		};
		2CA92B592C1AE48E00EE3AFE /* Products */ = {
			isa = PBXGroup;
			children = (
				2CA92B582C1AE48E00EE3AFE /* SiriAnimationPrototype.app */,
			);
			name = Products;
			sourceTree = "<group>";
		};
		2CA92B5A2C1AE48E00EE3AFE /* SiriAnimationPrototype */ = {
			isa = PBXGroup;
			children = (
				2CA92B5D2C1AE48E00EE3AFE /* ContentView.swift */,
				2C0A5AA22C1B674600B6680C /* PhoneBackground */,
				2C0A5AA12C1B647700B6680C /* SiriGradients */,
				2C0A5AA02C1B646A00B6680C /* Ripples */,
				2CA92B5B2C1AE48E00EE3AFE /* SiriAnimationPrototypeApp.swift */,
				2CA92B5F2C1AE48E00EE3AFE /* Assets.xcassets */,
				2CA92B612C1AE48E00EE3AFE /* Preview Content */,
			);
			path = SiriAnimationPrototype;
			sourceTree = "<group>";
		};
		2CA92B612C1AE48E00EE3AFE /* Preview Content */ = {
			isa = PBXGroup;
			children = (
				2CA92B622C1AE48E00EE3AFE /* Preview Assets.xcassets */,
			);
			path = "Preview Content";
			sourceTree = "<group>";
		};
/* End PBXGroup section */

/* Begin PBXNativeTarget section */
		2CA92B572C1AE48E00EE3AFE /* SiriAnimationPrototype */ = {
			isa = PBXNativeTarget;
			buildConfigurationList = 2CA92B662C1AE48E00EE3AFE /* Build configuration list for PBXNativeTarget "SiriAnimationPrototype" */;
			buildPhases = (
				2CA92B542C1AE48E00EE3AFE /* Sources */,
				2CA92B552C1AE48E00EE3AFE /* Frameworks */,
				2CA92B562C1AE48E00EE3AFE /* Resources */,
			);
			buildRules = (
			);
			dependencies = (
			);
			name = SiriAnimationPrototype;
			productName = SiriAnimationPrototype;
			productReference = 2CA92B582C1AE48E00EE3AFE /* SiriAnimationPrototype.app */;
			productType = "com.apple.product-type.application";
		};
/* End PBXNativeTarget section */

/* Begin PBXProject section */
		2CA92B502C1AE48E00EE3AFE /* Project object */ = {
			isa = PBXProject;
			attributes = {
				BuildIndependentTargetsInParallel = 1;
				LastSwiftUpdateCheck = 1600;
				LastUpgradeCheck = 1600;
				TargetAttributes = {
					2CA92B572C1AE48E00EE3AFE = {
						CreatedOnToolsVersion = 16.0;
					};
				};
			};
			buildConfigurationList = 2CA92B532C1AE48E00EE3AFE /* Build configuration list for PBXProject "SiriAnimationPrototype" */;
			compatibilityVersion = "Xcode 15.0";
			developmentRegion = en;
			hasScannedForEncodings = 0;
			knownRegions = (
				en,
				Base,
			);
			mainGroup = 2CA92B4F2C1AE48E00EE3AFE;
			productRefGroup = 2CA92B592C1AE48E00EE3AFE /* Products */;
			projectDirPath = "";
			projectRoot = "";
			targets = (
				2CA92B572C1AE48E00EE3AFE /* SiriAnimationPrototype */,
			);
		};
/* End PBXProject section */

/* Begin PBXResourcesBuildPhase section */
		2CA92B562C1AE48E00EE3AFE /* Resources */ = {
			isa = PBXResourcesBuildPhase;
			buildActionMask = 2147483647;
			files = (
				2CA92B632C1AE48E00EE3AFE /* Preview Assets.xcassets in Resources */,
				2CA92B602C1AE48E00EE3AFE /* Assets.xcassets in Resources */,
			);
			runOnlyForDeploymentPostprocessing = 0;
		};
/* End PBXResourcesBuildPhase section */

/* Begin PBXSourcesBuildPhase section */
		2CA92B542C1AE48E00EE3AFE /* Sources */ = {
			isa = PBXSourcesBuildPhase;
			buildActionMask = 2147483647;
			files = (
				2C0A5A992C1B604400B6680C /* MeshGradientView.swift in Sources */,
				2CA92B5E2C1AE48E00EE3AFE /* ContentView.swift in Sources */,
				2CA92B5C2C1AE48E00EE3AFE /* SiriAnimationPrototypeApp.swift in Sources */,
				2C0A5A9F2C1B645D00B6680C /* RippleEffectModifier.swift in Sources */,
				2C0A5A952C1AF77700B6680C /* AnimatedPath.swift in Sources */,
				2C0A5A9D2C1B640B00B6680C /* RippleEffect.metal in Sources */,
				2C0A5AA42C1B675C00B6680C /* PhoneBackground.swift in Sources */,
			);
			runOnlyForDeploymentPostprocessing = 0;
		};
/* End PBXSourcesBuildPhase section */

/* Begin XCBuildConfiguration section */
		2CA92B642C1AE48E00EE3AFE /* Debug */ = {
			isa = XCBuildConfiguration;
			buildSettings = {
				ALWAYS_SEARCH_USER_PATHS = NO;
				ASSETCATALOG_COMPILER_GENERATE_SWIFT_ASSET_SYMBOL_EXTENSIONS = YES;
				CLANG_ANALYZER_NONNULL = YES;
				CLANG_ANALYZER_NUMBER_OBJECT_CONVERSION = YES_AGGRESSIVE;
				CLANG_CXX_LANGUAGE_STANDARD = "gnu++20";
				CLANG_ENABLE_MODULES = YES;
				CLANG_ENABLE_OBJC_ARC = YES;
				CLANG_ENABLE_OBJC_WEAK = YES;
				CLANG_WARN_BLOCK_CAPTURE_AUTORELEASING = YES;
				CLANG_WARN_BOOL_CONVERSION = YES;
				CLANG_WARN_COMMA = YES;
				CLANG_WARN_CONSTANT_CONVERSION = YES;
				CLANG_WARN_DEPRECATED_OBJC_IMPLEMENTATIONS = YES;
				CLANG_WARN_DIRECT_OBJC_ISA_USAGE = YES_ERROR;
				CLANG_WARN_DOCUMENTATION_COMMENTS = YES;
				CLANG_WARN_EMPTY_BODY = YES;
				CLANG_WARN_ENUM_CONVERSION = YES;
				CLANG_WARN_INFINITE_RECURSION = YES;
				CLANG_WARN_INT_CONVERSION = YES;
				CLANG_WARN_NON_LITERAL_NULL_CONVERSION = YES;
				CLANG_WARN_OBJC_IMPLICIT_RETAIN_SELF = YES;
				CLANG_WARN_OBJC_LITERAL_CONVERSION = YES;
				CLANG_WARN_OBJC_ROOT_CLASS = YES_ERROR;
				CLANG_WARN_QUOTED_INCLUDE_IN_FRAMEWORK_HEADER = YES;
				CLANG_WARN_RANGE_LOOP_ANALYSIS = YES;
				CLANG_WARN_STRICT_PROTOTYPES = YES;
				CLANG_WARN_SUSPICIOUS_MOVE = YES;
				CLANG_WARN_UNGUARDED_AVAILABILITY = YES_AGGRESSIVE;
				CLANG_WARN_UNREACHABLE_CODE = YES;
				CLANG_WARN__DUPLICATE_METHOD_MATCH = YES;
				COPY_PHASE_STRIP = NO;
				DEBUG_INFORMATION_FORMAT = dwarf;
				ENABLE_STRICT_OBJC_MSGSEND = YES;
				ENABLE_TESTABILITY = YES;
				ENABLE_USER_SCRIPT_SANDBOXING = YES;
				GCC_C_LANGUAGE_STANDARD = gnu17;
				GCC_DYNAMIC_NO_PIC = NO;
				GCC_NO_COMMON_BLOCKS = YES;
				GCC_OPTIMIZATION_LEVEL = 0;
				GCC_PREPROCESSOR_DEFINITIONS = (
					"DEBUG=1",
					"$(inherited)",
				);
				GCC_WARN_64_TO_32_BIT_CONVERSION = YES;
				GCC_WARN_ABOUT_RETURN_TYPE = YES_ERROR;
				GCC_WARN_UNDECLARED_SELECTOR = YES;
				GCC_WARN_UNINITIALIZED_AUTOS = YES_AGGRESSIVE;
				GCC_WARN_UNUSED_FUNCTION = YES;
				GCC_WARN_UNUSED_VARIABLE = YES;
				IPHONEOS_DEPLOYMENT_TARGET = 18.0;
				LOCALIZATION_PREFERS_STRING_CATALOGS = YES;
				MTL_ENABLE_DEBUG_INFO = INCLUDE_SOURCE;
				MTL_FAST_MATH = YES;
				ONLY_ACTIVE_ARCH = YES;
				SDKROOT = iphoneos;
				SWIFT_ACTIVE_COMPILATION_CONDITIONS = "DEBUG $(inherited)";
				SWIFT_OPTIMIZATION_LEVEL = "-Onone";
			};
			name = Debug;
		};
		2CA92B652C1AE48E00EE3AFE /* Release */ = {
			isa = XCBuildConfiguration;
			buildSettings = {
				ALWAYS_SEARCH_USER_PATHS = NO;
				ASSETCATALOG_COMPILER_GENERATE_SWIFT_ASSET_SYMBOL_EXTENSIONS = YES;
				CLANG_ANALYZER_NONNULL = YES;
				CLANG_ANALYZER_NUMBER_OBJECT_CONVERSION = YES_AGGRESSIVE;
				CLANG_CXX_LANGUAGE_STANDARD = "gnu++20";
				CLANG_ENABLE_MODULES = YES;
				CLANG_ENABLE_OBJC_ARC = YES;
				CLANG_ENABLE_OBJC_WEAK = YES;
				CLANG_WARN_BLOCK_CAPTURE_AUTORELEASING = YES;
				CLANG_WARN_BOOL_CONVERSION = YES;
				CLANG_WARN_COMMA = YES;
				CLANG_WARN_CONSTANT_CONVERSION = YES;
				CLANG_WARN_DEPRECATED_OBJC_IMPLEMENTATIONS = YES;
				CLANG_WARN_DIRECT_OBJC_ISA_USAGE = YES_ERROR;
				CLANG_WARN_DOCUMENTATION_COMMENTS = YES;
				CLANG_WARN_EMPTY_BODY = YES;
				CLANG_WARN_ENUM_CONVERSION = YES;
				CLANG_WARN_INFINITE_RECURSION = YES;
				CLANG_WARN_INT_CONVERSION = YES;
				CLANG_WARN_NON_LITERAL_NULL_CONVERSION = YES;
				CLANG_WARN_OBJC_IMPLICIT_RETAIN_SELF = YES;
				CLANG_WARN_OBJC_LITERAL_CONVERSION = YES;
				CLANG_WARN_OBJC_ROOT_CLASS = YES_ERROR;
				CLANG_WARN_QUOTED_INCLUDE_IN_FRAMEWORK_HEADER = YES;
				CLANG_WARN_RANGE_LOOP_ANALYSIS = YES;
				CLANG_WARN_STRICT_PROTOTYPES = YES;
				CLANG_WARN_SUSPICIOUS_MOVE = YES;
				CLANG_WARN_UNGUARDED_AVAILABILITY = YES_AGGRESSIVE;
				CLANG_WARN_UNREACHABLE_CODE = YES;
				CLANG_WARN__DUPLICATE_METHOD_MATCH = YES;
				COPY_PHASE_STRIP = NO;
				DEBUG_INFORMATION_FORMAT = "dwarf-with-dsym";
				ENABLE_NS_ASSERTIONS = NO;
				ENABLE_STRICT_OBJC_MSGSEND = YES;
				ENABLE_USER_SCRIPT_SANDBOXING = YES;
				GCC_C_LANGUAGE_STANDARD = gnu17;
				GCC_NO_COMMON_BLOCKS = YES;
				GCC_WARN_64_TO_32_BIT_CONVERSION = YES;
				GCC_WARN_ABOUT_RETURN_TYPE = YES_ERROR;
				GCC_WARN_UNDECLARED_SELECTOR = YES;
				GCC_WARN_UNINITIALIZED_AUTOS = YES_AGGRESSIVE;
				GCC_WARN_UNUSED_FUNCTION = YES;
				GCC_WARN_UNUSED_VARIABLE = YES;
				IPHONEOS_DEPLOYMENT_TARGET = 18.0;
				LOCALIZATION_PREFERS_STRING_CATALOGS = YES;
				MTL_ENABLE_DEBUG_INFO = NO;
				MTL_FAST_MATH = YES;
				SDKROOT = iphoneos;
				SWIFT_COMPILATION_MODE = wholemodule;
				VALIDATE_PRODUCT = YES;
			};
			name = Release;
		};
		2CA92B672C1AE48E00EE3AFE /* Debug */ = {
			isa = XCBuildConfiguration;
			buildSettings = {
				ASSETCATALOG_COMPILER_APPICON_NAME = AppIcon;
				ASSETCATALOG_COMPILER_GLOBAL_ACCENT_COLOR_NAME = AccentColor;
				CODE_SIGN_STYLE = Automatic;
				CURRENT_PROJECT_VERSION = 1;
				DEVELOPMENT_ASSET_PATHS = "\"SiriAnimationPrototype/Preview Content\"";
				DEVELOPMENT_TEAM = J7QJPYJ8V6;
				ENABLE_PREVIEWS = YES;
				GENERATE_INFOPLIST_FILE = YES;
				INFOPLIST_KEY_UIApplicationSceneManifest_Generation = YES;
				INFOPLIST_KEY_UIApplicationSupportsIndirectInputEvents = YES;
				INFOPLIST_KEY_UILaunchScreen_Generation = YES;
				INFOPLIST_KEY_UISupportedInterfaceOrientations_iPad = "UIInterfaceOrientationPortrait UIInterfaceOrientationPortraitUpsideDown UIInterfaceOrientationLandscapeLeft UIInterfaceOrientationLandscapeRight";
				INFOPLIST_KEY_UISupportedInterfaceOrientations_iPhone = "UIInterfaceOrientationPortrait UIInterfaceOrientationLandscapeLeft UIInterfaceOrientationLandscapeRight";
				LD_RUNPATH_SEARCH_PATHS = (
					"$(inherited)",
					"@executable_path/Frameworks",
				);
				MARKETING_VERSION = 1.0;
				PRODUCT_BUNDLE_IDENTIFIER = com.prototype.SiriAnimationPrototype;
				PRODUCT_NAME = "$(TARGET_NAME)";
				SWIFT_EMIT_LOC_STRINGS = YES;
				SWIFT_VERSION = 5.0;
				TARGETED_DEVICE_FAMILY = "1,2";
			};
			name = Debug;
		};
		2CA92B682C1AE48E00EE3AFE /* Release */ = {
			isa = XCBuildConfiguration;
			buildSettings = {
				ASSETCATALOG_COMPILER_APPICON_NAME = AppIcon;
				ASSETCATALOG_COMPILER_GLOBAL_ACCENT_COLOR_NAME = AccentColor;
				CODE_SIGN_STYLE = Automatic;
				CURRENT_PROJECT_VERSION = 1;
				DEVELOPMENT_ASSET_PATHS = "\"SiriAnimationPrototype/Preview Content\"";
				DEVELOPMENT_TEAM = J7QJPYJ8V6;
				ENABLE_PREVIEWS = YES;
				GENERATE_INFOPLIST_FILE = YES;
				INFOPLIST_KEY_UIApplicationSceneManifest_Generation = YES;
				INFOPLIST_KEY_UIApplicationSupportsIndirectInputEvents = YES;
				INFOPLIST_KEY_UILaunchScreen_Generation = YES;
				INFOPLIST_KEY_UISupportedInterfaceOrientations_iPad = "UIInterfaceOrientationPortrait UIInterfaceOrientationPortraitUpsideDown UIInterfaceOrientationLandscapeLeft UIInterfaceOrientationLandscapeRight";
				INFOPLIST_KEY_UISupportedInterfaceOrientations_iPhone = "UIInterfaceOrientationPortrait UIInterfaceOrientationLandscapeLeft UIInterfaceOrientationLandscapeRight";
				LD_RUNPATH_SEARCH_PATHS = (
					"$(inherited)",
					"@executable_path/Frameworks",
				);
				MARKETING_VERSION = 1.0;
				PRODUCT_BUNDLE_IDENTIFIER = com.prototype.SiriAnimationPrototype;
				PRODUCT_NAME = "$(TARGET_NAME)";
				SWIFT_EMIT_LOC_STRINGS = YES;
				SWIFT_VERSION = 5.0;
				TARGETED_DEVICE_FAMILY = "1,2";
			};
			name = Release;
		};
/* End XCBuildConfiguration section */

/* Begin XCConfigurationList section */
		2CA92B532C1AE48E00EE3AFE /* Build configuration list for PBXProject "SiriAnimationPrototype" */ = {
			isa = XCConfigurationList;
			buildConfigurations = (
				2CA92B642C1AE48E00EE3AFE /* Debug */,
				2CA92B652C1AE48E00EE3AFE /* Release */,
			);
			defaultConfigurationIsVisible = 0;
			defaultConfigurationName = Release;
		};
		2CA92B662C1AE48E00EE3AFE /* Build configuration list for PBXNativeTarget "SiriAnimationPrototype" */ = {
			isa = XCConfigurationList;
			buildConfigurations = (
				2CA92B672C1AE48E00EE3AFE /* Debug */,
				2CA92B682C1AE48E00EE3AFE /* Release */,
			);
			defaultConfigurationIsVisible = 0;
			defaultConfigurationName = Release;
		};
/* End XCConfigurationList section */
	};
	rootObject = 2CA92B502C1AE48E00EE3AFE /* Project object */;
}
